
Microsoft Visual Studio Solution File, Format Version 12.00
# Visual Studio Version 17
VisualStudioVersion = 17.4.33205.214
MinimumVisualStudioVersion = 10.0.40219.1
Project("{FAE04EC0-301F-11D3-BF4B-00C04F79EFBC}") = "Project.Service", "Project.Service\Project.Service.csproj", "{A009C344-5E6E-4A57-B79D-D4C3E5407854}"
EndProject
Global
	GlobalSection(SolutionConfigurationPlatforms) = preSolution
		Debug|Any CPU = Debug|Any CPU
		Release|Any CPU = Release|Any CPU
	EndGlobalSection
	GlobalSection(ProjectConfigurationPlatforms) = postSolution
		{A009C344-5E6E-4A57-B79D-D4C3E5407854}.Debug|Any CPU.ActiveCfg = Debug|Any CPU
		{A009C344-5E6E-4A57-B79D-D4C3E5407854}.Debug|Any CPU.Build.0 = Debug|Any CPU
		{A009C344-5E6E-4A57-B79D-D4C3E5407854}.Release|Any CPU.ActiveCfg = Release|Any CPU
		{A009C344-5E6E-4A57-B79D-D4C3E5407854}.Release|Any CPU.Build.0 = Release|Any CPU
	EndGlobalSection
	GlobalSection(SolutionProperties) = preSolution
		HideSolutionNode = FALSE
	EndGlobalSection
	GlobalSection(ExtensibilityGlobals) = postSolution
		SolutionGuid = {16688672-A907-4BD6-92AD-B35EFE5B02A8}
	EndGlobalSection
EndGlobal
